# This file was autogenerated by Stack.
# You should not edit this file by hand.
# For more information, please see the documentation at:
#   https://docs.haskellstack.org/en/stable/lock_files

packages:
- completed:
    pantry-tree:
      sha256: 8ea5a6aa2de74c5b6d5b2d17c057421fce81577a0cf1f8f51f2cb4e7e0ecb5be
      size: 1619
    hackage: gltf-codec-0.1.0.4@sha256:41f3718e93b273ca65fd3072fd02ca59dec1c978a56dc891c62b53821c332326,2633
  original:
    hackage: gltf-codec-0.1.0.4
snapshots:
- completed:
    sha256: 82e5ccb47b068521de4055034e8aa278eab430b586881d9cc29ba8b382ce3253
    size: 618952
    url: https://raw.githubusercontent.com/commercialhaskell/stackage-snapshots/master/lts/19/15.yaml
  original: lts-19.15
